
Microsoft Visual Studio Solution File, Format Version 12.00
# Visual Studio 14
VisualStudioVersion = 14.0.24720.0
MinimumVisualStudioVersion = 10.0.40219.1
Project("{2150E333-8FDC-42A3-9474-1A3956D46DE8}") = "Lib", "Lib", "{168B9F03-64DD-45D4-9D64-A41A0386EDD5}"
EndProject
Project("{2150E333-8FDC-42A3-9474-1A3956D46DE8}") = "Samples", "Samples", "{91D2F269-56FD-4390-9246-FBD788189A65}"
EndProject
Project("{2150E333-8FDC-42A3-9474-1A3956D46DE8}") = "UWP", "UWP", "{FABC9D6A-FC19-486F-BFDE-C481CD049D44}"
EndProject
Project("{2150E333-8FDC-42A3-9474-1A3956D46DE8}") = "UWP", "UWP", "{AD810D05-1287-45C1-8278-5797CF9AA8FE}"
EndProject
Project("{FAE04EC0-301F-11D3-BF4B-00C04F79EFBC}") = "Adept.Input", "Lib\UWP\Adept.Input\Adept.Input.csproj", "{809C98E2-4BE5-4DC6-BAD6-43D3DFB3A1AF}"
EndProject
Project("{FAE04EC0-301F-11D3-BF4B-00C04F79EFBC}") = "Adept.StateSync", "Lib\UWP\Adept.StateSync\Adept.StateSync.csproj", "{5FD4381E-DD3B-4F27-B9BE-6719FC543059}"
EndProject
Project("{FAE04EC0-301F-11D3-BF4B-00C04F79EFBC}") = "InputSample", "Samples\UWP\InputSample\InputSample.csproj", "{A3904A9D-5658-4682-91A8-0BE9BD1D3FCE}"
EndProject
Project("{2150E333-8FDC-42A3-9474-1A3956D46DE8}") = "Unity", "Unity", "{56073235-87B6-4020-9541-F9201C02747C}"
EndProject
Project("{FAE04EC0-301F-11D3-BF4B-00C04F79EFBC}") = "Adept.UnityXaml", "Lib\UWP\Adept.UnityXaml\Adept.UnityXaml.csproj", "{1B208B66-0EFB-4A8D-99BB-3B649D0D0DF1}"
EndProject
Global
	GlobalSection(SolutionConfigurationPlatforms) = preSolution
		Debug|Any CPU = Debug|Any CPU
		Debug|ARM = Debug|ARM
		Debug|x64 = Debug|x64
		Debug|x86 = Debug|x86
		Release|Any CPU = Release|Any CPU
		Release|ARM = Release|ARM
		Release|x64 = Release|x64
		Release|x86 = Release|x86
	EndGlobalSection
	GlobalSection(ProjectConfigurationPlatforms) = postSolution
		{809C98E2-4BE5-4DC6-BAD6-43D3DFB3A1AF}.Debug|Any CPU.ActiveCfg = Debug|Any CPU
		{809C98E2-4BE5-4DC6-BAD6-43D3DFB3A1AF}.Debug|Any CPU.Build.0 = Debug|Any CPU
		{809C98E2-4BE5-4DC6-BAD6-43D3DFB3A1AF}.Debug|ARM.ActiveCfg = Debug|ARM
		{809C98E2-4BE5-4DC6-BAD6-43D3DFB3A1AF}.Debug|ARM.Build.0 = Debug|ARM
		{809C98E2-4BE5-4DC6-BAD6-43D3DFB3A1AF}.Debug|x64.ActiveCfg = Debug|x64
		{809C98E2-4BE5-4DC6-BAD6-43D3DFB3A1AF}.Debug|x64.Build.0 = Debug|x64
		{809C98E2-4BE5-4DC6-BAD6-43D3DFB3A1AF}.Debug|x86.ActiveCfg = Debug|x86
		{809C98E2-4BE5-4DC6-BAD6-43D3DFB3A1AF}.Debug|x86.Build.0 = Debug|x86
		{809C98E2-4BE5-4DC6-BAD6-43D3DFB3A1AF}.Release|Any CPU.ActiveCfg = Release|Any CPU
		{809C98E2-4BE5-4DC6-BAD6-43D3DFB3A1AF}.Release|Any CPU.Build.0 = Release|Any CPU
		{809C98E2-4BE5-4DC6-BAD6-43D3DFB3A1AF}.Release|ARM.ActiveCfg = Release|ARM
		{809C98E2-4BE5-4DC6-BAD6-43D3DFB3A1AF}.Release|ARM.Build.0 = Release|ARM
		{809C98E2-4BE5-4DC6-BAD6-43D3DFB3A1AF}.Release|x64.ActiveCfg = Release|x64
		{809C98E2-4BE5-4DC6-BAD6-43D3DFB3A1AF}.Release|x64.Build.0 = Release|x64
		{809C98E2-4BE5-4DC6-BAD6-43D3DFB3A1AF}.Release|x86.ActiveCfg = Release|x86
		{809C98E2-4BE5-4DC6-BAD6-43D3DFB3A1AF}.Release|x86.Build.0 = Release|x86
		{5FD4381E-DD3B-4F27-B9BE-6719FC543059}.Debug|Any CPU.ActiveCfg = Debug|Any CPU
		{5FD4381E-DD3B-4F27-B9BE-6719FC543059}.Debug|Any CPU.Build.0 = Debug|Any CPU
		{5FD4381E-DD3B-4F27-B9BE-6719FC543059}.Debug|ARM.ActiveCfg = Debug|ARM
		{5FD4381E-DD3B-4F27-B9BE-6719FC543059}.Debug|ARM.Build.0 = Debug|ARM
		{5FD4381E-DD3B-4F27-B9BE-6719FC543059}.Debug|x64.ActiveCfg = Debug|x64
		{5FD4381E-DD3B-4F27-B9BE-6719FC543059}.Debug|x64.Build.0 = Debug|x64
		{5FD4381E-DD3B-4F27-B9BE-6719FC543059}.Debug|x86.ActiveCfg = Debug|x86
		{5FD4381E-DD3B-4F27-B9BE-6719FC543059}.Debug|x86.Build.0 = Debug|x86
		{5FD4381E-DD3B-4F27-B9BE-6719FC543059}.Release|Any CPU.ActiveCfg = Release|Any CPU
		{5FD4381E-DD3B-4F27-B9BE-6719FC543059}.Release|Any CPU.Build.0 = Release|Any CPU
		{5FD4381E-DD3B-4F27-B9BE-6719FC543059}.Release|ARM.ActiveCfg = Release|ARM
		{5FD4381E-DD3B-4F27-B9BE-6719FC543059}.Release|ARM.Build.0 = Release|ARM
		{5FD4381E-DD3B-4F27-B9BE-6719FC543059}.Release|x64.ActiveCfg = Release|x64
		{5FD4381E-DD3B-4F27-B9BE-6719FC543059}.Release|x64.Build.0 = Release|x64
		{5FD4381E-DD3B-4F27-B9BE-6719FC543059}.Release|x86.ActiveCfg = Release|x86
		{5FD4381E-DD3B-4F27-B9BE-6719FC543059}.Release|x86.Build.0 = Release|x86
		{A3904A9D-5658-4682-91A8-0BE9BD1D3FCE}.Debug|Any CPU.ActiveCfg = Debug|x86
		{A3904A9D-5658-4682-91A8-0BE9BD1D3FCE}.Debug|ARM.ActiveCfg = Debug|ARM
		{A3904A9D-5658-4682-91A8-0BE9BD1D3FCE}.Debug|ARM.Build.0 = Debug|ARM
		{A3904A9D-5658-4682-91A8-0BE9BD1D3FCE}.Debug|ARM.Deploy.0 = Debug|ARM
		{A3904A9D-5658-4682-91A8-0BE9BD1D3FCE}.Debug|x64.ActiveCfg = Debug|x64
		{A3904A9D-5658-4682-91A8-0BE9BD1D3FCE}.Debug|x64.Build.0 = Debug|x64
		{A3904A9D-5658-4682-91A8-0BE9BD1D3FCE}.Debug|x64.Deploy.0 = Debug|x64
		{A3904A9D-5658-4682-91A8-0BE9BD1D3FCE}.Debug|x86.ActiveCfg = Debug|x86
		{A3904A9D-5658-4682-91A8-0BE9BD1D3FCE}.Debug|x86.Build.0 = Debug|x86
		{A3904A9D-5658-4682-91A8-0BE9BD1D3FCE}.Debug|x86.Deploy.0 = Debug|x86
		{A3904A9D-5658-4682-91A8-0BE9BD1D3FCE}.Release|Any CPU.ActiveCfg = Release|x86
		{A3904A9D-5658-4682-91A8-0BE9BD1D3FCE}.Release|ARM.ActiveCfg = Release|ARM
		{A3904A9D-5658-4682-91A8-0BE9BD1D3FCE}.Release|ARM.Build.0 = Release|ARM
		{A3904A9D-5658-4682-91A8-0BE9BD1D3FCE}.Release|ARM.Deploy.0 = Release|ARM
		{A3904A9D-5658-4682-91A8-0BE9BD1D3FCE}.Release|x64.ActiveCfg = Release|x64
		{A3904A9D-5658-4682-91A8-0BE9BD1D3FCE}.Release|x64.Build.0 = Release|x64
		{A3904A9D-5658-4682-91A8-0BE9BD1D3FCE}.Release|x64.Deploy.0 = Release|x64
		{A3904A9D-5658-4682-91A8-0BE9BD1D3FCE}.Release|x86.ActiveCfg = Release|x86
		{A3904A9D-5658-4682-91A8-0BE9BD1D3FCE}.Release|x86.Build.0 = Release|x86
		{A3904A9D-5658-4682-91A8-0BE9BD1D3FCE}.Release|x86.Deploy.0 = Release|x86
		{1B208B66-0EFB-4A8D-99BB-3B649D0D0DF1}.Debug|Any CPU.ActiveCfg = Debug|Any CPU
		{1B208B66-0EFB-4A8D-99BB-3B649D0D0DF1}.Debug|Any CPU.Build.0 = Debug|Any CPU
		{1B208B66-0EFB-4A8D-99BB-3B649D0D0DF1}.Debug|ARM.ActiveCfg = Debug|ARM
		{1B208B66-0EFB-4A8D-99BB-3B649D0D0DF1}.Debug|ARM.Build.0 = Debug|ARM
		{1B208B66-0EFB-4A8D-99BB-3B649D0D0DF1}.Debug|x64.ActiveCfg = Debug|x64
		{1B208B66-0EFB-4A8D-99BB-3B649D0D0DF1}.Debug|x64.Build.0 = Debug|x64
		{1B208B66-0EFB-4A8D-99BB-3B649D0D0DF1}.Debug|x86.ActiveCfg = Debug|x86
		{1B208B66-0EFB-4A8D-99BB-3B649D0D0DF1}.Debug|x86.Build.0 = Debug|x86
		{1B208B66-0EFB-4A8D-99BB-3B649D0D0DF1}.Release|Any CPU.ActiveCfg = Release|Any CPU
		{1B208B66-0EFB-4A8D-99BB-3B649D0D0DF1}.Release|Any CPU.Build.0 = Release|Any CPU
		{1B208B66-0EFB-4A8D-99BB-3B649D0D0DF1}.Release|ARM.ActiveCfg = Release|ARM
		{1B208B66-0EFB-4A8D-99BB-3B649D0D0DF1}.Release|ARM.Build.0 = Release|ARM
		{1B208B66-0EFB-4A8D-99BB-3B649D0D0DF1}.Release|x64.ActiveCfg = Release|x64
		{1B208B66-0EFB-4A8D-99BB-3B649D0D0DF1}.Release|x64.Build.0 = Release|x64
		{1B208B66-0EFB-4A8D-99BB-3B649D0D0DF1}.Release|x86.ActiveCfg = Release|x86
		{1B208B66-0EFB-4A8D-99BB-3B649D0D0DF1}.Release|x86.Build.0 = Release|x86
	EndGlobalSection
	GlobalSection(SolutionProperties) = preSolution
		HideSolutionNode = FALSE
	EndGlobalSection
	GlobalSection(NestedProjects) = preSolution
		{FABC9D6A-FC19-486F-BFDE-C481CD049D44} = {168B9F03-64DD-45D4-9D64-A41A0386EDD5}
		{AD810D05-1287-45C1-8278-5797CF9AA8FE} = {91D2F269-56FD-4390-9246-FBD788189A65}
		{809C98E2-4BE5-4DC6-BAD6-43D3DFB3A1AF} = {FABC9D6A-FC19-486F-BFDE-C481CD049D44}
		{5FD4381E-DD3B-4F27-B9BE-6719FC543059} = {FABC9D6A-FC19-486F-BFDE-C481CD049D44}
		{A3904A9D-5658-4682-91A8-0BE9BD1D3FCE} = {AD810D05-1287-45C1-8278-5797CF9AA8FE}
		{56073235-87B6-4020-9541-F9201C02747C} = {168B9F03-64DD-45D4-9D64-A41A0386EDD5}
		{1B208B66-0EFB-4A8D-99BB-3B649D0D0DF1} = {FABC9D6A-FC19-486F-BFDE-C481CD049D44}
	EndGlobalSection
EndGlobal
